
Microsoft Visual Studio Solution File, Format Version 12.00
# Visual Studio Version 16
VisualStudioVersion = 16.0.30413.136
MinimumVisualStudioVersion = 10.0.40219.1
Project("{FAE04EC0-301F-11D3-BF4B-00C04F79EFBC}") = "ConsoleGame", "ConsoleGame.csproj", "{589BD994-C174-4546-9709-4AA6B26B16EA}"
EndProject
Global
	GlobalSection(SolutionConfigurationPlatforms) = preSolution
		Debug|Any CPU = Debug|Any CPU
		Release|Any CPU = Release|Any CPU
	EndGlobalSection
	GlobalSection(ProjectConfigurationPlatforms) = postSolution
		{589BD994-C174-4546-9709-4AA6B26B16EA}.Debug|Any CPU.ActiveCfg = Debug|Any CPU
		{589BD994-C174-4546-9709-4AA6B26B16EA}.Debug|Any CPU.Build.0 = Debug|Any CPU
		{589BD994-C174-4546-9709-4AA6B26B16EA}.Release|Any CPU.ActiveCfg = Release|Any CPU
		{589BD994-C174-4546-9709-4AA6B26B16EA}.Release|Any CPU.Build.0 = Release|Any CPU
	EndGlobalSection
	GlobalSection(SolutionProperties) = preSolution
		HideSolutionNode = FALSE
	EndGlobalSection
	GlobalSection(ExtensibilityGlobals) = postSolution
		SolutionGuid = {4F254005-FCA9-462C-8773-3AE10F2649A0}
	EndGlobalSection
EndGlobal
